
Microsoft Visual Studio Solution File, Format Version 12.00
# Visual Studio Version 17
VisualStudioVersion = 17.13.35806.99 d17.13
MinimumVisualStudioVersion = 10.0.40219.1
Project("{FAE04EC0-301F-11D3-BF4B-00C04F79EFBC}") = "mvc-web-apps", "mvc-web-apps\mvc-web-apps.csproj", "{4326D8E3-744A-461E-8DFF-08866CA93404}"
EndProject
Global
	GlobalSection(SolutionConfigurationPlatforms) = preSolution
		Debug|Any CPU = Debug|Any CPU
		Release|Any CPU = Release|Any CPU
	EndGlobalSection
	GlobalSection(ProjectConfigurationPlatforms) = postSolution
		{4326D8E3-744A-461E-8DFF-08866CA93404}.Debug|Any CPU.ActiveCfg = Debug|Any CPU
		{4326D8E3-744A-461E-8DFF-08866CA93404}.Debug|Any CPU.Build.0 = Debug|Any CPU
		{4326D8E3-744A-461E-8DFF-08866CA93404}.Release|Any CPU.ActiveCfg = Release|Any CPU
		{4326D8E3-744A-461E-8DFF-08866CA93404}.Release|Any CPU.Build.0 = Release|Any CPU
	EndGlobalSection
	GlobalSection(SolutionProperties) = preSolution
		HideSolutionNode = FALSE
	EndGlobalSection
	GlobalSection(ExtensibilityGlobals) = postSolution
		SolutionGuid = {BA78EAC9-BDB3-496F-9997-0D9EE176811F}
	EndGlobalSection
EndGlobal
